
Microsoft Visual Studio Solution File, Format Version 12.00
# Visual Studio Version 16
VisualStudioVersion = 16.0.30717.126
MinimumVisualStudioVersion = 10.0.40219.1
Project("{FAE04EC0-301F-11D3-BF4B-00C04F79EFBC}") = "mvcCrudDbFirst", "mvcCrudDbFirst\mvcCrudDbFirst.csproj", "{3B50754D-2020-402C-953E-AF320E4E8B2F}"
EndProject
Global
	GlobalSection(SolutionConfigurationPlatforms) = preSolution
		Debug|Any CPU = Debug|Any CPU
		Release|Any CPU = Release|Any CPU
	EndGlobalSection
	GlobalSection(ProjectConfigurationPlatforms) = postSolution
		{3B50754D-2020-402C-953E-AF320E4E8B2F}.Debug|Any CPU.ActiveCfg = Debug|Any CPU
		{3B50754D-2020-402C-953E-AF320E4E8B2F}.Debug|Any CPU.Build.0 = Debug|Any CPU
		{3B50754D-2020-402C-953E-AF320E4E8B2F}.Release|Any CPU.ActiveCfg = Release|Any CPU
		{3B50754D-2020-402C-953E-AF320E4E8B2F}.Release|Any CPU.Build.0 = Release|Any CPU
	EndGlobalSection
	GlobalSection(SolutionProperties) = preSolution
		HideSolutionNode = FALSE
	EndGlobalSection
	GlobalSection(ExtensibilityGlobals) = postSolution
		SolutionGuid = {96018752-7327-4324-8CBC-D7E892793B2B}
	EndGlobalSection
EndGlobal
